
Microsoft Visual Studio Solution File, Format Version 12.00
# Visual Studio Version 17
VisualStudioVersion = 17.3.32825.248
MinimumVisualStudioVersion = 10.0.40219.1
Project("{FAE04EC0-301F-11D3-BF4B-00C04F79EFBC}") = "test_vk_bot", "test_vk_bot\test_vk_bot.csproj", "{AF79C3EA-074A-4498-8C30-E36CF9F5E3A2}"
EndProject
Global
	GlobalSection(SolutionConfigurationPlatforms) = preSolution
		Debug|Any CPU = Debug|Any CPU
		Release|Any CPU = Release|Any CPU
	EndGlobalSection
	GlobalSection(ProjectConfigurationPlatforms) = postSolution
		{AF79C3EA-074A-4498-8C30-E36CF9F5E3A2}.Debug|Any CPU.ActiveCfg = Debug|Any CPU
		{AF79C3EA-074A-4498-8C30-E36CF9F5E3A2}.Debug|Any CPU.Build.0 = Debug|Any CPU
		{AF79C3EA-074A-4498-8C30-E36CF9F5E3A2}.Release|Any CPU.ActiveCfg = Release|Any CPU
		{AF79C3EA-074A-4498-8C30-E36CF9F5E3A2}.Release|Any CPU.Build.0 = Release|Any CPU
	EndGlobalSection
	GlobalSection(SolutionProperties) = preSolution
		HideSolutionNode = FALSE
	EndGlobalSection
	GlobalSection(ExtensibilityGlobals) = postSolution
		SolutionGuid = {F3BD55A2-65FC-4EBA-B628-CB9F3B16F45F}
	EndGlobalSection
EndGlobal
